<?xml version="1.0" encoding="utf-8"?>
<Project ToolsVersion="4.0" xmlns="http://schemas.microsoft.com/developer/msbuild/2003">
  <ItemGroup>
    <Filter Include="源文件">
      <UniqueIdentifier>{4FC737F1-C7A5-4376-A066-2A32D752A2FF}</UniqueIdentifier>
      <Extensions>cpp;c;cc;cxx;c++;cppm;ixx;def;odl;idl;hpj;bat;asm;asmx</Extensions>
    </Filter>
    <Filter Include="头文件">
      <UniqueIdentifier>{93995380-89BD-4b04-88EB-625FBE52EBFB}</UniqueIdentifier>
      <Extensions>h;hh;hpp;hxx;h++;hm;inl;inc;ipp;xsd</Extensions>
    </Filter>
    <Filter Include="资源文件">
      <UniqueIdentifier>{67DA6AB6-F800-4c08-8B7A-83BB121AAD01}</UniqueIdentifier>
      <Extensions>rc;ico;cur;bmp;dlg;rc2;rct;bin;rgs;gif;jpg;jpeg;jpe;resx;tiff;tif;png;wav;mfcribbon-ms</Extensions>
    </Filter>
  </ItemGroup>
  <ItemGroup>
    <ClCompile Include="src\main.cpp">
      <Filter>源文件</Filter>
    </ClCompile>
    <ClCompile Include="src\skybox.cpp">
      <Filter>源文件</Filter>
    </ClCompile>
    <ClCompile Include="src\Mirror.cpp">
      <Filter>源文件</Filter>
    </ClCompile>
    <ClCompile Include="src\tools.cpp">
      <Filter>源文件</Filter>
    </ClCompile>
    <ClCompile Include="src\fft.cpp">
      <Filter>源文件</Filter>
    </ClCompile>
    <ClCompile Include="src\ocean.cpp">
      <Filter>源文件</Filter>
    </ClCompile>
  </ItemGroup>
  <ItemGroup>
    <ClInclude Include="include\assimp\config.h">
      <Filter>头文件</Filter>
    </ClInclude>
    <ClInclude Include="include\camera.h">
      <Filter>头文件</Filter>
    </ClInclude>
    <ClInclude Include="include\mesh.h">
      <Filter>头文件</Filter>
    </ClInclude>
    <ClInclude Include="include\model.h">
      <Filter>头文件</Filter>
    </ClInclude>
    <ClInclude Include="include\shader.h">
      <Filter>头文件</Filter>
    </ClInclude>
    <ClInclude Include="include\skybox.h">
      <Filter>头文件</Filter>
    </ClInclude>
    <ClInclude Include="include\stb_image.h">
      <Filter>头文件</Filter>
    </ClInclude>
    <ClInclude Include="include\Mirror.h">
      <Filter>头文件</Filter>
    </ClInclude>
    <ClInclude Include="include\tools.h">
      <Filter>头文件</Filter>
    </ClInclude>
    <ClInclude Include="include\fft.h">
      <Filter>头文件</Filter>
    </ClInclude>
    <ClInclude Include="include\filesystem.h">
      <Filter>头文件</Filter>
    </ClInclude>
    <ClInclude Include="include\ocean.h">
      <Filter>头文件</Filter>
    </ClInclude>
    <ClInclude Include="include\root_directory.h">
      <Filter>头文件</Filter>
    </ClInclude>
  </ItemGroup>
  <ItemGroup>
    <None Include="models\simple_medieval_house.zip" />
    <None Include="models\Chandelier_02\Chandelier_02_4k.gltf" />
    <None Include="models\fancy_picture_frame_01\fancy_picture_frame_01_4k.gltf" />
    <None Include="models\ornate_mirror_01\ornate_mirror_01_4k.gltf" />
    <None Include="models\round_wooden_table_01\round_wooden_table_01_4k.gltf" />
    <None Include="models\simple_medieval_house\scene.gltf" />
    <None Include="models\sofa_03\sofa_03_4k.gltf" />
    <None Include="models\tea_set_01\tea_set_01_4k.gltf" />
    <None Include="shader\background.frag.glsl">
      <Filter>资源文件</Filter>
    </None>
    <None Include="shader\background.vert.glsl">
      <Filter>资源文件</Filter>
    </None>
    <None Include="shader\brdf.frag.glsl">
      <Filter>资源文件</Filter>
    </None>
    <None Include="shader\brdf.vert.glsl">
      <Filter>资源文件</Filter>
    </None>
    <None Include="shader\cubemap.vert.glsl">
      <Filter>资源文件</Filter>
    </None>
    <None Include="shader\cubemaps.frag.glsl">
      <Filter>资源文件</Filter>
    </None>
    <None Include="shader\cubemaps.vert.glsl">
      <Filter>资源文件</Filter>
    </None>
    <None Include="shader\debug.frag.glsl">
      <Filter>资源文件</Filter>
    </None>
    <None Include="shader\debug.vert.glsl">
      <Filter>资源文件</Filter>
    </None>
    <None Include="shader\depth.frag.glsl">
      <Filter>资源文件</Filter>
    </None>
    <None Include="shader\depth.vert.glsl">
      <Filter>资源文件</Filter>
    </None>
    <None Include="shader\equirectangular_to_cubemap.frag.glsl">
      <Filter>资源文件</Filter>
    </None>
    <None Include="shader\framebuffers.frag.glsl">
      <Filter>资源文件</Filter>
    </None>
    <None Include="shader\framebuffers.vert.glsl">
      <Filter>资源文件</Filter>
    </None>
    <None Include="shader\irradiance_convolution.frag.glsl">
      <Filter>资源文件</Filter>
    </None>
    <None Include="shader\pbr.frag.glsl">
      <Filter>资源文件</Filter>
    </None>
    <None Include="shader\pbr.vert.glsl">
      <Filter>资源文件</Filter>
    </None>
    <None Include="shader\prefilter.frag.glsl">
      <Filter>资源文件</Filter>
    </None>
    <None Include="shader\shader.frag.glsl">
      <Filter>资源文件</Filter>
    </None>
    <None Include="shader\shader.vert.glsl">
      <Filter>资源文件</Filter>
    </None>
    <None Include="shader\shadow_mapping.frag.glsl">
      <Filter>资源文件</Filter>
    </None>
    <None Include="shader\shadow_mapping.vert.glsl">
      <Filter>资源文件</Filter>
    </None>
    <None Include="shader\skybox.frag.glsl">
      <Filter>资源文件</Filter>
    </None>
    <None Include="shader\skybox.vert.glsl">
      <Filter>资源文件</Filter>
    </None>
    <None Include="shader\ocean.frag.glsl">
      <Filter>资源文件</Filter>
    </None>
    <None Include="shader\ocean.vert.glsl">
      <Filter>资源文件</Filter>
    </None>
  </ItemGroup>
  <ItemGroup>
    <Text Include="models\simple_medieval_house\license.txt" />
  </ItemGroup>
</Project>